
Microsoft Visual Studio Solution File, Format Version 12.00
# Visual Studio Version 16
VisualStudioVersion = 16.0.31729.503
MinimumVisualStudioVersion = 10.0.40219.1
Project("{FAE04EC0-301F-11D3-BF4B-00C04F79EFBC}") = "ToursBase", "ToursBase\ToursBase.csproj", "{7202FF82-D152-474C-98D6-85B38B916EF3}"
EndProject
Global
	GlobalSection(SolutionConfigurationPlatforms) = preSolution
		Debug|Any CPU = Debug|Any CPU
		Release|Any CPU = Release|Any CPU
	EndGlobalSection
	GlobalSection(ProjectConfigurationPlatforms) = postSolution
		{7202FF82-D152-474C-98D6-85B38B916EF3}.Debug|Any CPU.ActiveCfg = Debug|Any CPU
		{7202FF82-D152-474C-98D6-85B38B916EF3}.Debug|Any CPU.Build.0 = Debug|Any CPU
		{7202FF82-D152-474C-98D6-85B38B916EF3}.Release|Any CPU.ActiveCfg = Release|Any CPU
		{7202FF82-D152-474C-98D6-85B38B916EF3}.Release|Any CPU.Build.0 = Release|Any CPU
	EndGlobalSection
	GlobalSection(SolutionProperties) = preSolution
		HideSolutionNode = FALSE
	EndGlobalSection
	GlobalSection(ExtensibilityGlobals) = postSolution
		SolutionGuid = {8888E78B-6999-4713-861E-69184241C1F9}
	EndGlobalSection
EndGlobal
